
Microsoft Visual Studio Solution File, Format Version 12.00
# Visual Studio 2017
Project("{FAE04EC0-301F-11D3-BF4B-00C04F79EFBC}") = "TangoTest", "TangoTest.csproj", "{1FB2C00A-D0BB-8862-1C49-F25EB34BB083}"
EndProject
Project("{FAE04EC0-301F-11D3-BF4B-00C04F79EFBC}") = "TangoTest.Editor", "TangoTest.Editor.csproj", "{DDA2B91D-EAF3-ED6C-B838-7FC848616083}"
EndProject
Global
	GlobalSection(SolutionConfigurationPlatforms) = preSolution
		Debug|Any CPU = Debug|Any CPU
		Release|Any CPU = Release|Any CPU
	EndGlobalSection
	GlobalSection(ProjectConfigurationPlatforms) = postSolution
		{1FB2C00A-D0BB-8862-1C49-F25EB34BB083}.Debug|Any CPU.ActiveCfg = Debug|Any CPU
		{1FB2C00A-D0BB-8862-1C49-F25EB34BB083}.Debug|Any CPU.Build.0 = Debug|Any CPU
		{1FB2C00A-D0BB-8862-1C49-F25EB34BB083}.Release|Any CPU.ActiveCfg = Release|Any CPU
		{1FB2C00A-D0BB-8862-1C49-F25EB34BB083}.Release|Any CPU.Build.0 = Release|Any CPU
		{DDA2B91D-EAF3-ED6C-B838-7FC848616083}.Debug|Any CPU.ActiveCfg = Debug|Any CPU
		{DDA2B91D-EAF3-ED6C-B838-7FC848616083}.Debug|Any CPU.Build.0 = Debug|Any CPU
		{DDA2B91D-EAF3-ED6C-B838-7FC848616083}.Release|Any CPU.ActiveCfg = Release|Any CPU
		{DDA2B91D-EAF3-ED6C-B838-7FC848616083}.Release|Any CPU.Build.0 = Release|Any CPU
	EndGlobalSection
	GlobalSection(SolutionProperties) = preSolution
		HideSolutionNode = FALSE
	EndGlobalSection
EndGlobal
