
Microsoft Visual Studio Solution File, Format Version 11.00
# Visual Studio 2010
Project("{FAE04EC0-301F-11D3-BF4B-00C04F79EFBC}") = "TangoExamples", "Assembly-CSharp.csproj", "{3E68DCBD-5F60-55D0-B3E2-DA5E545F2467}"
EndProject
Project("{FAE04EC0-301F-11D3-BF4B-00C04F79EFBC}") = "TangoExamples", "Assembly-CSharp-Editor.csproj", "{C72EB7A6-8A44-7A0F-E795-8B2AB56C5DAA}"
EndProject
Global
	GlobalSection(SolutionConfigurationPlatforms) = preSolution
		Debug|Any CPU = Debug|Any CPU
		Release|Any CPU = Release|Any CPU
	EndGlobalSection
	GlobalSection(ProjectConfigurationPlatforms) = postSolution
		{3E68DCBD-5F60-55D0-B3E2-DA5E545F2467}.Debug|Any CPU.ActiveCfg = Debug|Any CPU
		{3E68DCBD-5F60-55D0-B3E2-DA5E545F2467}.Debug|Any CPU.Build.0 = Debug|Any CPU
		{3E68DCBD-5F60-55D0-B3E2-DA5E545F2467}.Release|Any CPU.ActiveCfg = Release|Any CPU
		{3E68DCBD-5F60-55D0-B3E2-DA5E545F2467}.Release|Any CPU.Build.0 = Release|Any CPU
		{C72EB7A6-8A44-7A0F-E795-8B2AB56C5DAA}.Debug|Any CPU.ActiveCfg = Debug|Any CPU
		{C72EB7A6-8A44-7A0F-E795-8B2AB56C5DAA}.Debug|Any CPU.Build.0 = Debug|Any CPU
		{C72EB7A6-8A44-7A0F-E795-8B2AB56C5DAA}.Release|Any CPU.ActiveCfg = Release|Any CPU
		{C72EB7A6-8A44-7A0F-E795-8B2AB56C5DAA}.Release|Any CPU.Build.0 = Release|Any CPU
	EndGlobalSection
	GlobalSection(SolutionProperties) = preSolution
		HideSolutionNode = FALSE
	EndGlobalSection
	GlobalSection(MonoDevelopProperties) = preSolution
		StartupItem = Assembly-CSharp.csproj
	EndGlobalSection
EndGlobal
